{
    "_meta": {
        "hash": {
            "sha256": "aa61e1953c00be34da68de10e614d231dde3910590bb56e1ddfe3876134035de"
        },
        "pipfile-spec": 6,
        "requires": {
            "python_version": "3.7"
        },
        "sources": [
            {
                "name": "pypi",
                "url": "https://pypi.org/simple",
                "verify_ssl": true
            }
        ]
    },
    "default": {
        "brotli": {
            "hashes": [
                "sha256:02177603aaca36e1fd21b091cb742bb3b305a569e2402f1ca38af471777fb019",
                "sha256:11d3283d89af7033236fa4e73ec2cbe743d4f6a81d41bd234f24bf63dde979df",
                "sha256:12effe280b8ebfd389022aa65114e30407540ccb89b177d3fbc9a4f177c4bd5d",
                "sha256:160c78292e98d21e73a4cc7f76a234390e516afcd982fa17e1422f7c6a9ce9c8",
                "sha256:16d528a45c2e1909c2798f27f7bf0a3feec1dc9e50948e738b961618e38b6a7b",
                "sha256:19598ecddd8a212aedb1ffa15763dd52a388518c4550e615aed88dc3753c0f0c",
                "sha256:1c48472a6ba3b113452355b9af0a60da5c2ae60477f8feda8346f8fd48e3e87c",
                "sha256:268fe94547ba25b58ebc724680609c8ee3e5a843202e9a381f6f9c5e8bdb5c70",
                "sha256:269a5743a393c65db46a7bb982644c67ecba4b8d91b392403ad8a861ba6f495f",
                "sha256:26d168aac4aaec9a4394221240e8a5436b5634adc3cd1cdf637f6645cecbf181",
                "sha256:29d1d350178e5225397e28ea1b7aca3648fcbab546d20e7475805437bfb0a130",
                "sha256:2aad0e0baa04517741c9bb5b07586c642302e5fb3e75319cb62087bd0995ab19",
                "sha256:3148362937217b7072cf80a2dcc007f09bb5ecb96dae4617316638194113d5be",
                "sha256:330e3f10cd01da535c70d09c4283ba2df5fb78e915bea0a28becad6e2ac010be",
                "sha256:336b40348269f9b91268378de5ff44dc6fbaa2268194f85177b53463d313842a",
                "sha256:3496fc835370da351d37cada4cf744039616a6db7d13c430035e901443a34daa",
                "sha256:35a3edbe18e876e596553c4007a087f8bcfd538f19bc116917b3c7522fca0429",
                "sha256:3b78a24b5fd13c03ee2b7b86290ed20efdc95da75a3557cc06811764d5ad1126",
                "sha256:3b8b09a16a1950b9ef495a0f8b9d0a87599a9d1f179e2d4ac014b2ec831f87e7",
                "sha256:3c1306004d49b84bd0c4f90457c6f57ad109f5cc6067a9664e12b7b79a9948ad",
                "sha256:3ffaadcaeafe9d30a7e4e1e97ad727e4f5610b9fa2f7551998471e3736738679",
                "sha256:40d15c79f42e0a2c72892bf407979febd9cf91f36f495ffb333d1d04cebb34e4",
                "sha256:44bb8ff420c1d19d91d79d8c3574b8954288bdff0273bf788954064d260d7ab0",
                "sha256:4688c1e42968ba52e57d8670ad2306fe92e0169c6f3af0089be75bbac0c64a3b",
                "sha256:495ba7e49c2db22b046a53b469bbecea802efce200dffb69b93dd47397edc9b6",
                "sha256:4d1b810aa0ed773f81dceda2cc7b403d01057458730e309856356d4ef4188438",
                "sha256:503fa6af7da9f4b5780bb7e4cbe0c639b010f12be85d02c99452825dd0feef3f",
                "sha256:56d027eace784738457437df7331965473f2c0da2c70e1a1f6fdbae5402e0389",
                "sha256:5913a1177fc36e30fcf6dc868ce23b0453952c78c04c266d3149b3d39e1410d6",
                "sha256:5b6ef7d9f9c38292df3690fe3e302b5b530999fa90014853dcd0d6902fb59f26",
                "sha256:5bf37a08493232fbb0f8229f1824b366c2fc1d02d64e7e918af40acd15f3e337",
                "sha256:5cb1e18167792d7d21e21365d7650b72d5081ed476123ff7b8cac7f45189c0c7",
                "sha256:61a7ee1f13ab913897dac7da44a73c6d44d48a4adff42a5701e3239791c96e14",
                "sha256:622a231b08899c864eb87e85f81c75e7b9ce05b001e59bbfbf43d4a71f5f32b2",
                "sha256:68715970f16b6e92c574c30747c95cf8cf62804569647386ff032195dc89a430",
                "sha256:6b2ae9f5f67f89aade1fab0f7fd8f2832501311c363a21579d02defa844d9296",
                "sha256:6c772d6c0a79ac0f414a9f8947cc407e119b8598de7621f39cacadae3cf57d12",
                "sha256:6d847b14f7ea89f6ad3c9e3901d1bc4835f6b390a9c71df999b0162d9bb1e20f",
                "sha256:73fd30d4ce0ea48010564ccee1a26bfe39323fde05cb34b5863455629db61dc7",
                "sha256:76ffebb907bec09ff511bb3acc077695e2c32bc2142819491579a695f77ffd4d",
                "sha256:7bbff90b63328013e1e8cb50650ae0b9bac54ffb4be6104378490193cd60f85a",
                "sha256:7cb81373984cc0e4682f31bc3d6be9026006d96eecd07ea49aafb06897746452",
                "sha256:7ee83d3e3a024a9618e5be64648d6d11c37047ac48adff25f12fa4226cf23d1c",
                "sha256:854c33dad5ba0fbd6ab69185fec8dab89e13cda6b7d191ba111987df74f38761",
                "sha256:85f7912459c67eaab2fb854ed2bc1cc25772b300545fe7ed2dc03954da638649",
                "sha256:87fdccbb6bb589095f413b1e05734ba492c962b4a45a13ff3408fa44ffe6479b",
                "sha256:88c63a1b55f352b02c6ffd24b15ead9fc0e8bf781dbe070213039324922a2eea",
                "sha256:8a674ac10e0a87b683f4fa2b6fa41090edfd686a6524bd8dedbd6138b309175c",
                "sha256:8ed6a5b3d23ecc00ea02e1ed8e0ff9a08f4fc87a1f58a2530e71c0f48adf882f",
                "sha256:93130612b837103e15ac3f9cbacb4613f9e348b58b3aad53721d92e57f96d46a",
                "sha256:9744a863b489c79a73aba014df554b0e7a0fc44ef3f8a0ef2a52919c7d155031",
                "sha256:9749a124280a0ada4187a6cfd1ffd35c350fb3af79c706589d98e088c5044267",
                "sha256:97f715cf371b16ac88b8c19da00029804e20e25f30d80203417255d239f228b5",
                "sha256:9bf919756d25e4114ace16a8ce91eb340eb57a08e2c6950c3cebcbe3dff2a5e7",
                "sha256:9d12cf2851759b8de8ca5fde36a59c08210a97ffca0eb94c532ce7b17c6a3d1d",
                "sha256:9ed4c92a0665002ff8ea852353aeb60d9141eb04109e88928026d3c8a9e5433c",
                "sha256:a72661af47119a80d82fa583b554095308d6a4c356b2a554fdc2799bc19f2a43",
                "sha256:afde17ae04d90fbe53afb628f7f2d4ca022797aa093e809de5c3cf276f61bbfa",
                "sha256:b1375b5d17d6145c798661b67e4ae9d5496920d9265e2f00f1c2c0b5ae91fbde",
                "sha256:b336c5e9cf03c7be40c47b5fd694c43c9f1358a80ba384a21969e0b4e66a9b17",
                "sha256:b3523f51818e8f16599613edddb1ff924eeb4b53ab7e7197f85cbc321cdca32f",
                "sha256:b43775532a5904bc938f9c15b77c613cb6ad6fb30990f3b0afaea82797a402d8",
                "sha256:b663f1e02de5d0573610756398e44c130add0eb9a3fc912a09665332942a2efb",
                "sha256:b83bb06a0192cccf1eb8d0a28672a1b79c74c3a8a5f2619625aeb6f28b3a82bb",
                "sha256:ba72d37e2a924717990f4d7482e8ac88e2ef43fb95491eb6e0d124d77d2a150d",
                "sha256:c2415d9d082152460f2bd4e382a1e85aed233abc92db5a3880da2257dc7daf7b",
                "sha256:c83aa123d56f2e060644427a882a36b3c12db93727ad7a7b9efd7d7f3e9cc2c4",
                "sha256:c8e521a0ce7cf690ca84b8cc2272ddaf9d8a50294fd086da67e517439614c755",
                "sha256:cab1b5964b39607a66adbba01f1c12df2e55ac36c81ec6ed44f2fca44178bf1a",
                "sha256:cb02ed34557afde2d2da68194d12f5719ee96cfb2eacc886352cb73e3808fc5d",
                "sha256:cc0283a406774f465fb45ec7efb66857c09ffefbe49ec20b7882eff6d3c86d3a",
                "sha256:cfc391f4429ee0a9370aa93d812a52e1fee0f37a81861f4fdd1f4fb28e8547c3",
                "sha256:db844eb158a87ccab83e868a762ea8024ae27337fc7ddcbfcddd157f841fdfe7",
                "sha256:defed7ea5f218a9f2336301e6fd379f55c655bea65ba2476346340a0ce6f74a1",
                "sha256:e16eb9541f3dd1a3e92b89005e37b1257b157b7256df0e36bd7b33b50be73bcb",
                "sha256:e1abbeef02962596548382e393f56e4c94acd286bd0c5afba756cffc33670e8a",
                "sha256:e23281b9a08ec338469268f98f194658abfb13658ee98e2b7f85ee9dd06caa91",
                "sha256:e2d9e1cbc1b25e22000328702b014227737756f4b5bf5c485ac1d8091ada078b",
                "sha256:e48f4234f2469ed012a98f4b7874e7f7e173c167bed4934912a29e03167cf6b1",
                "sha256:e4c4e92c14a57c9bd4cb4be678c25369bf7a092d55fd0866f759e425b9660806",
                "sha256:ec1947eabbaf8e0531e8e899fc1d9876c179fc518989461f5d24e2223395a9e3",
                "sha256:f909bbbc433048b499cb9db9e713b5d8d949e8c109a2a548502fb9aa8630f0b1"
            ],
            "version": "==1.0.9"
        },
        "django": {
            "hashes": [
                "sha256:a32c22af23634e1d11425574dce756098e015a165be02e4690179889b207c7a8",
                "sha256:d6393918da830530a9516bbbcbf7f1214c3d733738779f06b0f649f49cc698c3"
            ],
            "index": "pypi",
            "version": "==2.1.5"
        },
        "django-appconf": {
            "hashes": [
                "sha256:ae9f864ee1958c815a965ed63b3fba4874eec13de10236ba063a788f9a17389d",
                "sha256:be3db0be6c81fa84742000b89a81c016d70ae66a7ccb620cdef592b1f1a6aaa4"
            ],
            "markers": "python_version >= '3.6'",
            "version": "==1.0.5"
        },
        "django-bootstrap4": {
            "hashes": [
                "sha256:32ffee49c4c8ca7df543aac8733a5d45ad304078f920a0167819525bd33a955a"
            ],
            "index": "pypi",
            "version": "==0.0.7"
        },
        "django-imagekit": {
            "hashes": [
                "sha256:304c3379f6a5cac387e47ace11195a603ad3cb01e3e951b45489824d25b00359",
                "sha256:6ec0afb77cdf52cd453c9fc2c10ef350d111edfd6ce53c5977aa8a0e22cee00c"
            ],
            "index": "pypi",
            "version": "==4.0.2"
        },
        "django-ordered-model": {
            "hashes": [
                "sha256:14aeacca5a4d41de92b89432a7665b6be5ef254e72418cbeb32258348ad05352"
            ],
            "index": "pypi",
            "version": "==3.1.1"
        },
        "gunicorn": {
            "hashes": [
                "sha256:aa8e0b40b4157b36a5df5e599f45c9c76d6af43845ba3b3b0efe2c70473c2471",
                "sha256:fa2662097c66f920f53f70621c6c58ca4a3c4d3434205e608e121b5b3b71f4f3"
            ],
            "index": "pypi",
            "version": "==19.9.0"
        },
        "pilkit": {
            "hashes": [
                "sha256:ddb30c2f0198a147e56b151476c3bb9fe045fbfd5b0a0fa2a3148dba62d1559f"
            ],
            "version": "==2.0"
        },
        "pillow": {
            "hashes": [
                "sha256:03150abd92771742d4a8cd6f2fa6246d847dcd2e332a18d0c15cc75bf6703040",
                "sha256:073adb2ae23431d3b9bcbcff3fe698b62ed47211d0716b067385538a1b0f28b8",
                "sha256:0b07fffc13f474264c336298d1b4ce01d9c5a011415b79d4ee5527bb69ae6f65",
                "sha256:0b7257127d646ff8676ec8a15520013a698d1fdc48bc2a79ba4e53df792526f2",
                "sha256:12ce4932caf2ddf3e41d17fc9c02d67126935a44b86df6a206cf0d7161548627",
                "sha256:15c42fb9dea42465dfd902fb0ecf584b8848ceb28b41ee2b58f866411be33f07",
                "sha256:18498994b29e1cf86d505edcb7edbe814d133d2232d256db8c7a8ceb34d18cef",
                "sha256:1c7c8ae3864846fc95f4611c78129301e203aaa2af813b703c55d10cc1628535",
                "sha256:22b012ea2d065fd163ca096f4e37e47cd8b59cf4b0fd47bfca6abb93df70b34c",
                "sha256:276a5ca930c913f714e372b2591a22c4bd3b81a418c0f6635ba832daec1cbcfc",
                "sha256:2e0918e03aa0c72ea56edbb00d4d664294815aa11291a11504a377ea018330d3",
                "sha256:3033fbe1feb1b59394615a1cafaee85e49d01b51d54de0cbf6aa8e64182518a1",
                "sha256:3168434d303babf495d4ba58fc22d6604f6e2afb97adc6a423e917dab828939c",
                "sha256:32a44128c4bdca7f31de5be641187367fe2a450ad83b833ef78910397db491aa",
                "sha256:3dd6caf940756101205dffc5367babf288a30043d35f80936f9bfb37f8355b32",
                "sha256:40e1ce476a7804b0fb74bcfa80b0a2206ea6a882938eaba917f7a0f004b42502",
                "sha256:41e0051336807468be450d52b8edd12ac60bebaa97fe10c8b660f116e50b30e4",
                "sha256:4390e9ce199fc1951fcfa65795f239a8a4944117b5935a9317fb320e7767b40f",
                "sha256:502526a2cbfa431d9fc2a079bdd9061a2397b842bb6bc4239bb176da00993812",
                "sha256:51e0e543a33ed92db9f5ef69a0356e0b1a7a6b6a71b80df99f1d181ae5875636",
                "sha256:57751894f6618fd4308ed8e0c36c333e2f5469744c34729a27532b3db106ee20",
                "sha256:5d77adcd56a42d00cc1be30843d3426aa4e660cab4a61021dc84467123f7a00c",
                "sha256:655a83b0058ba47c7c52e4e2df5ecf484c1b0b0349805896dd350cbc416bdd91",
                "sha256:68943d632f1f9e3dce98908e873b3a090f6cba1cbb1b892a9e8d97c938871fbe",
                "sha256:6c738585d7a9961d8c2821a1eb3dcb978d14e238be3d70f0a706f7fa9316946b",
                "sha256:73bd195e43f3fadecfc50c682f5055ec32ee2c933243cafbfdec69ab1aa87cad",
                "sha256:772a91fc0e03eaf922c63badeca75e91baa80fe2f5f87bdaed4280662aad25c9",
                "sha256:77ec3e7be99629898c9a6d24a09de089fa5356ee408cdffffe62d67bb75fdd72",
                "sha256:7db8b751ad307d7cf238f02101e8e36a128a6cb199326e867d1398067381bff4",
                "sha256:801ec82e4188e935c7f5e22e006d01611d6b41661bba9fe45b60e7ac1a8f84de",
                "sha256:82409ffe29d70fd733ff3c1025a602abb3e67405d41b9403b00b01debc4c9a29",
                "sha256:828989c45c245518065a110434246c44a56a8b2b2f6347d1409c787e6e4651ee",
                "sha256:829f97c8e258593b9daa80638aee3789b7df9da5cf1336035016d76f03b8860c",
                "sha256:871b72c3643e516db4ecf20efe735deb27fe30ca17800e661d769faab45a18d7",
                "sha256:89dca0ce00a2b49024df6325925555d406b14aa3efc2f752dbb5940c52c56b11",
                "sha256:90fb88843d3902fe7c9586d439d1e8c05258f41da473952aa8b328d8b907498c",
                "sha256:97aabc5c50312afa5e0a2b07c17d4ac5e865b250986f8afe2b02d772567a380c",
                "sha256:9aaa107275d8527e9d6e7670b64aabaaa36e5b6bd71a1015ddd21da0d4e06448",
                "sha256:9f47eabcd2ded7698106b05c2c338672d16a6f2a485e74481f524e2a23c2794b",
                "sha256:a0a06a052c5f37b4ed81c613a455a81f9a3a69429b4fd7bb913c3fa98abefc20",
                "sha256:ab388aaa3f6ce52ac1cb8e122c4bd46657c15905904b3120a6248b5b8b0bc228",
                "sha256:ad58d27a5b0262c0c19b47d54c5802db9b34d38bbf886665b626aff83c74bacd",
                "sha256:ae5331c23ce118c53b172fa64a4c037eb83c9165aba3a7ba9ddd3ec9fa64a699",
                "sha256:af0372acb5d3598f36ec0914deed2a63f6bcdb7b606da04dc19a88d31bf0c05b",
                "sha256:afa4107d1b306cdf8953edde0534562607fe8811b6c4d9a486298ad31de733b2",
                "sha256:b03ae6f1a1878233ac620c98f3459f79fd77c7e3c2b20d460284e1fb370557d4",
                "sha256:b0915e734b33a474d76c28e07292f196cdf2a590a0d25bcc06e64e545f2d146c",
                "sha256:b4012d06c846dc2b80651b120e2cdd787b013deb39c09f407727ba90015c684f",
                "sha256:b472b5ea442148d1c3e2209f20f1e0bb0eb556538690fa70b5e1f79fa0ba8dc2",
                "sha256:b59430236b8e58840a0dfb4099a0e8717ffb779c952426a69ae435ca1f57210c",
                "sha256:b90f7616ea170e92820775ed47e136208e04c967271c9ef615b6fbd08d9af0e3",
                "sha256:b9a65733d103311331875c1dca05cb4606997fd33d6acfed695b1232ba1df193",
                "sha256:bac18ab8d2d1e6b4ce25e3424f709aceef668347db8637c2296bcf41acb7cf48",
                "sha256:bca31dd6014cb8b0b2db1e46081b0ca7d936f856da3b39744aef499db5d84d02",
                "sha256:be55f8457cd1eac957af0c3f5ece7bc3f033f89b114ef30f710882717670b2a8",
                "sha256:c7025dce65566eb6e89f56c9509d4f628fddcedb131d9465cacd3d8bac337e7e",
                "sha256:c935a22a557a560108d780f9a0fc426dd7459940dc54faa49d83249c8d3e760f",
                "sha256:dbb8e7f2abee51cef77673be97760abff1674ed32847ce04b4af90f610144c7b",
                "sha256:e6ea6b856a74d560d9326c0f5895ef8050126acfdc7ca08ad703eb0081e82b74",
                "sha256:ebf2029c1f464c59b8bdbe5143c79fa2045a581ac53679733d3a91d400ff9efb",
                "sha256:f1ff2ee69f10f13a9596480335f406dd1f70c3650349e2be67ca3139280cade0"
            ],
            "index": "pypi",
            "version": "==9.3.0"
        },
        "pytz": {
            "hashes": [
                "sha256:222439474e9c98fced559f1709d89e6c9cbf8d79c794ff3eb9f8800064291427",
                "sha256:e89512406b793ca39f5971bc999cc538ce125c0e51c27941bef4568b460095e2"
            ],
            "version": "==2022.6"
        },
        "six": {
            "hashes": [
                "sha256:1e61c37477a1626458e36f7b1d82aa5c9b094fa4802892072e49de9c60c4c926",
                "sha256:8abb2f1d86890a2dfb989f9a77cfcfd3e47c2a354b01111771326f8aa26e0254"
            ],
            "markers": "python_version >= '2.7' and python_version not in '3.0, 3.1, 3.2, 3.3'",
            "version": "==1.16.0"
        },
        "whitenoise": {
            "extras": [
                "brotli"
            ],
            "hashes": [
                "sha256:118ab3e5f815d380171b100b05b76de2a07612f422368a201a9ffdeefb2251c1",
                "sha256:42133ddd5229eeb6a0c9899496bdbe56c292394bf8666da77deeb27454c0456a"
            ],
            "index": "pypi",
            "version": "==4.1.2"
        }
    },
    "develop": {}
}
